
Microsoft Visual Studio Solution File, Format Version 12.00
# Visual Studio Version 17
VisualStudioVersion = 17.2.32630.192
MinimumVisualStudioVersion = 10.0.40219.1
Project("{FAE04EC0-301F-11D3-BF4B-00C04F79EFBC}") = "10_Thread", "10_Thread\10_Thread.csproj", "{D6ABCB78-1E49-415D-A7F8-09AB50761511}"
EndProject
Project("{FAE04EC0-301F-11D3-BF4B-00C04F79EFBC}") = "20_Events", "20_Events\20_Events.csproj", "{9CFF7C29-3F0C-41EC-BC3D-510D490337B8}"
EndProject
Project("{FAE04EC0-301F-11D3-BF4B-00C04F79EFBC}") = "30_Form", "30_Form\30_Form.csproj", "{5AEF2865-DDFE-403B-B206-A11704FB67B4}"
EndProject
Global
	GlobalSection(SolutionConfigurationPlatforms) = preSolution
		Debug|Any CPU = Debug|Any CPU
		Release|Any CPU = Release|Any CPU
	EndGlobalSection
	GlobalSection(ProjectConfigurationPlatforms) = postSolution
		{D6ABCB78-1E49-415D-A7F8-09AB50761511}.Debug|Any CPU.ActiveCfg = Debug|Any CPU
		{D6ABCB78-1E49-415D-A7F8-09AB50761511}.Debug|Any CPU.Build.0 = Debug|Any CPU
		{D6ABCB78-1E49-415D-A7F8-09AB50761511}.Release|Any CPU.ActiveCfg = Release|Any CPU
		{D6ABCB78-1E49-415D-A7F8-09AB50761511}.Release|Any CPU.Build.0 = Release|Any CPU
		{9CFF7C29-3F0C-41EC-BC3D-510D490337B8}.Debug|Any CPU.ActiveCfg = Debug|Any CPU
		{9CFF7C29-3F0C-41EC-BC3D-510D490337B8}.Debug|Any CPU.Build.0 = Debug|Any CPU
		{9CFF7C29-3F0C-41EC-BC3D-510D490337B8}.Release|Any CPU.ActiveCfg = Release|Any CPU
		{9CFF7C29-3F0C-41EC-BC3D-510D490337B8}.Release|Any CPU.Build.0 = Release|Any CPU
		{5AEF2865-DDFE-403B-B206-A11704FB67B4}.Debug|Any CPU.ActiveCfg = Debug|Any CPU
		{5AEF2865-DDFE-403B-B206-A11704FB67B4}.Debug|Any CPU.Build.0 = Debug|Any CPU
		{5AEF2865-DDFE-403B-B206-A11704FB67B4}.Release|Any CPU.ActiveCfg = Release|Any CPU
		{5AEF2865-DDFE-403B-B206-A11704FB67B4}.Release|Any CPU.Build.0 = Release|Any CPU
	EndGlobalSection
	GlobalSection(SolutionProperties) = preSolution
		HideSolutionNode = FALSE
	EndGlobalSection
	GlobalSection(ExtensibilityGlobals) = postSolution
		SolutionGuid = {51F2C0A9-DB4F-4D2D-B804-F3FEEE6C2A78}
	EndGlobalSection
EndGlobal
